
Microsoft Visual Studio Solution File, Format Version 12.00
# Visual Studio 14
VisualStudioVersion = 14.0.25420.1
MinimumVisualStudioVersion = 10.0.40219.1
Project("{FAE04EC0-301F-11D3-BF4B-00C04F79EFBC}") = "Karaoke", "Karaoke\Karaoke.csproj", "{06764225-56E2-4154-8D8E-8F67C0E9E9E8}"
EndProject
Global
	GlobalSection(SolutionConfigurationPlatforms) = preSolution
		Debug|Any CPU = Debug|Any CPU
		Debug|x86 = Debug|x86
		Release|Any CPU = Release|Any CPU
		Release|x86 = Release|x86
	EndGlobalSection
	GlobalSection(ProjectConfigurationPlatforms) = postSolution
		{06764225-56E2-4154-8D8E-8F67C0E9E9E8}.Debug|Any CPU.ActiveCfg = Debug|Any CPU
		{06764225-56E2-4154-8D8E-8F67C0E9E9E8}.Debug|Any CPU.Build.0 = Debug|Any CPU
		{06764225-56E2-4154-8D8E-8F67C0E9E9E8}.Debug|x86.ActiveCfg = Debug|Any CPU
		{06764225-56E2-4154-8D8E-8F67C0E9E9E8}.Debug|x86.Build.0 = Debug|Any CPU
		{06764225-56E2-4154-8D8E-8F67C0E9E9E8}.Release|Any CPU.ActiveCfg = Release|Any CPU
		{06764225-56E2-4154-8D8E-8F67C0E9E9E8}.Release|Any CPU.Build.0 = Release|Any CPU
		{06764225-56E2-4154-8D8E-8F67C0E9E9E8}.Release|x86.ActiveCfg = Release|Any CPU
		{06764225-56E2-4154-8D8E-8F67C0E9E9E8}.Release|x86.Build.0 = Release|Any CPU
	EndGlobalSection
	GlobalSection(SolutionProperties) = preSolution
		HideSolutionNode = FALSE
	EndGlobalSection
EndGlobal
